// !$*UTF8*$!
{
	archiveVersion = 1;
	classes = {
	};
	objectVersion = 46;
	objects = {

/* Begin PBXBuildFile section */
		FD22A6DA1D9CBD530014D6F7 /* main.m in Sources */ = {isa = PBXBuildFile; fileRef = FD22A6D91D9CBD530014D6F7 /* main.m */; };
		FD22A6DD1D9CBD530014D6F7 /* AppDelegate.m in Sources */ = {isa = PBXBuildFile; fileRef = FD22A6DC1D9CBD530014D6F7 /* AppDelegate.m */; };
		FD22A6E01D9CBD530014D6F7 /* ViewController.m in Sources */ = {isa = PBXBuildFile; fileRef = FD22A6DF1D9CBD530014D6F7 /* ViewController.m */; };
		FD22A6E31D9CBD530014D6F7 /* Main.storyboard in Resources */ = {isa = PBXBuildFile; fileRef = FD22A6E11D9CBD530014D6F7 /* Main.storyboard */; };
		FD22A6E51D9CBD530014D6F7 /* Assets.xcassets in Resources */ = {isa = PBXBuildFile; fileRef = FD22A6E41D9CBD530014D6F7 /* Assets.xcassets */; };
		FD22A6E81D9CBD530014D6F7 /* LaunchScreen.storyboard in Resources */ = {isa = PBXBuildFile; fileRef = FD22A6E61D9CBD530014D6F7 /* LaunchScreen.storyboard */; };
		FD22A6F31D9CBD530014D6F7 /* LearnQuartzTests.m in Sources */ = {isa = PBXBuildFile; fileRef = FD22A6F21D9CBD530014D6F7 /* LearnQuartzTests.m */; };
		FD22A6FF1D9CBE610014D6F7 /* LYView.m in Sources */ = {isa = PBXBuildFile; fileRef = FD22A6FE1D9CBE610014D6F7 /* LYView.m */; };
/* End PBXBuildFile section */

/* Begin PBXContainerItemProxy section */
		FD22A6EF1D9CBD530014D6F7 /* PBXContainerItemProxy */ = {
			isa = PBXContainerItemProxy;
			containerPortal = FD22A6CD1D9CBD530014D6F7 /* Project object */;
			proxyType = 1;
			remoteGlobalIDString = FD22A6D41D9CBD530014D6F7;
			remoteInfo = LearnQuartz;
		};
/* End PBXContainerItemProxy section */

/* Begin PBXFileReference section */
		FD22A6D51D9CBD530014D6F7 /* LearnQuartz.app */ = {isa = PBXFileReference; explicitFileType = wrapper.application; includeInIndex = 0; path = LearnQuartz.app; sourceTree = BUILT_PRODUCTS_DIR; };
		FD22A6D91D9CBD530014D6F7 /* main.m */ = {isa = PBXFileReference; lastKnownFileType = sourcecode.c.objc; path = main.m; sourceTree = "<group>"; };
		FD22A6DB1D9CBD530014D6F7 /* AppDelegate.h */ = {isa = PBXFileReference; lastKnownFileType = sourcecode.c.h; path = AppDelegate.h; sourceTree = "<group>"; };
		FD22A6DC1D9CBD530014D6F7 /* AppDelegate.m */ = {isa = PBXFileReference; lastKnownFileType = sourcecode.c.objc; path = AppDelegate.m; sourceTree = "<group>"; };
		FD22A6DE1D9CBD530014D6F7 /* ViewController.h */ = {isa = PBXFileReference; lastKnownFileType = sourcecode.c.h; path = ViewController.h; sourceTree = "<group>"; };
		FD22A6DF1D9CBD530014D6F7 /* ViewController.m */ = {isa = PBXFileReference; lastKnownFileType = sourcecode.c.objc; path = ViewController.m; sourceTree = "<group>"; };
		FD22A6E21D9CBD530014D6F7 /* Base */ = {isa = PBXFileReference; lastKnownFileType = file.storyboard; name = Base; path = Base.lproj/Main.storyboard; sourceTree = "<group>"; };
		FD22A6E41D9CBD530014D6F7 /* Assets.xcassets */ = {isa = PBXFileReference; lastKnownFileType = folder.assetcatalog; path = Assets.xcassets; sourceTree = "<group>"; };
		FD22A6E71D9CBD530014D6F7 /* Base */ = {isa = PBXFileReference; lastKnownFileType = file.storyboard; name = Base; path = Base.lproj/LaunchScreen.storyboard; sourceTree = "<group>"; };
		FD22A6E91D9CBD530014D6F7 /* Info.plist */ = {isa = PBXFileReference; lastKnownFileType = text.plist.xml; path = Info.plist; sourceTree = "<group>"; };
		FD22A6EE1D9CBD530014D6F7 /* LearnQuartzTests.xctest */ = {isa = PBXFileReference; explicitFileType = wrapper.cfbundle; includeInIndex = 0; path = LearnQuartzTests.xctest; sourceTree = BUILT_PRODUCTS_DIR; };
		FD22A6F21D9CBD530014D6F7 /* LearnQuartzTests.m */ = {isa = PBXFileReference; lastKnownFileType = sourcecode.c.objc; path = LearnQuartzTests.m; sourceTree = "<group>"; };
		FD22A6F41D9CBD530014D6F7 /* Info.plist */ = {isa = PBXFileReference; lastKnownFileType = text.plist.xml; path = Info.plist; sourceTree = "<group>"; };
		FD22A6FD1D9CBE610014D6F7 /* LYView.h */ = {isa = PBXFileReference; fileEncoding = 4; lastKnownFileType = sourcecode.c.h; path = LYView.h; sourceTree = "<group>"; };
		FD22A6FE1D9CBE610014D6F7 /* LYView.m */ = {isa = PBXFileReference; fileEncoding = 4; lastKnownFileType = sourcecode.c.objc; path = LYView.m; sourceTree = "<group>"; };
/* End PBXFileReference section */

/* Begin PBXFrameworksBuildPhase section */
		FD22A6D21D9CBD530014D6F7 /* Frameworks */ = {
			isa = PBXFrameworksBuildPhase;
			buildActionMask = 2147483647;
			files = (
			);
			runOnlyForDeploymentPostprocessing = 0;
		};
		FD22A6EB1D9CBD530014D6F7 /* Frameworks */ = {
			isa = PBXFrameworksBuildPhase;
			buildActionMask = 2147483647;
			files = (
			);
			runOnlyForDeploymentPostprocessing = 0;
		};
/* End PBXFrameworksBuildPhase section */

/* Begin PBXGroup section */
		FD22A6CC1D9CBD530014D6F7 = {
			isa = PBXGroup;
			children = (
				FD22A6D71D9CBD530014D6F7 /* LearnQuartz */,
				FD22A6F11D9CBD530014D6F7 /* LearnQuartzTests */,
				FD22A6D61D9CBD530014D6F7 /* Products */,
			);
			sourceTree = "<group>";
		};
		FD22A6D61D9CBD530014D6F7 /* Products */ = {
			isa = PBXGroup;
			children = (
				FD22A6D51D9CBD530014D6F7 /* LearnQuartz.app */,
				FD22A6EE1D9CBD530014D6F7 /* LearnQuartzTests.xctest */,
			);
			name = Products;
			sourceTree = "<group>";
		};
		FD22A6D71D9CBD530014D6F7 /* LearnQuartz */ = {
			isa = PBXGroup;
			children = (
				FD22A6DB1D9CBD530014D6F7 /* AppDelegate.h */,
				FD22A6DC1D9CBD530014D6F7 /* AppDelegate.m */,
				FD22A6DE1D9CBD530014D6F7 /* ViewController.h */,
				FD22A6DF1D9CBD530014D6F7 /* ViewController.m */,
				FD22A6FD1D9CBE610014D6F7 /* LYView.h */,
				FD22A6FE1D9CBE610014D6F7 /* LYView.m */,
				FD22A6E11D9CBD530014D6F7 /* Main.storyboard */,
				FD22A6E41D9CBD530014D6F7 /* Assets.xcassets */,
				FD22A6E61D9CBD530014D6F7 /* LaunchScreen.storyboard */,
				FD22A6E91D9CBD530014D6F7 /* Info.plist */,
				FD22A6D81D9CBD530014D6F7 /* Supporting Files */,
			);
			path = LearnQuartz;
			sourceTree = "<group>";
		};
		FD22A6D81D9CBD530014D6F7 /* Supporting Files */ = {
			isa = PBXGroup;
			children = (
				FD22A6D91D9CBD530014D6F7 /* main.m */,
			);
			name = "Supporting Files";
			sourceTree = "<group>";
		};
		FD22A6F11D9CBD530014D6F7 /* LearnQuartzTests */ = {
			isa = PBXGroup;
			children = (
				FD22A6F21D9CBD530014D6F7 /* LearnQuartzTests.m */,
				FD22A6F41D9CBD530014D6F7 /* Info.plist */,
			);
			path = LearnQuartzTests;
			sourceTree = "<group>";
		};
/* End PBXGroup section */

/* Begin PBXNativeTarget section */
		FD22A6D41D9CBD530014D6F7 /* LearnQuartz */ = {
			isa = PBXNativeTarget;
			buildConfigurationList = FD22A6F71D9CBD530014D6F7 /* Build configuration list for PBXNativeTarget "LearnQuartz" */;
			buildPhases = (
				FD22A6D11D9CBD530014D6F7 /* Sources */,
				FD22A6D21D9CBD530014D6F7 /* Frameworks */,
				FD22A6D31D9CBD530014D6F7 /* Resources */,
			);
			buildRules = (
			);
			dependencies = (
			);
			name = LearnQuartz;
			productName = LearnQuartz;
			productReference = FD22A6D51D9CBD530014D6F7 /* LearnQuartz.app */;
			productType = "com.apple.product-type.application";
		};
		FD22A6ED1D9CBD530014D6F7 /* LearnQuartzTests */ = {
			isa = PBXNativeTarget;
			buildConfigurationList = FD22A6FA1D9CBD530014D6F7 /* Build configuration list for PBXNativeTarget "LearnQuartzTests" */;
			buildPhases = (
				FD22A6EA1D9CBD530014D6F7 /* Sources */,
				FD22A6EB1D9CBD530014D6F7 /* Frameworks */,
				FD22A6EC1D9CBD530014D6F7 /* Resources */,
			);
			buildRules = (
			);
			dependencies = (
				FD22A6F01D9CBD530014D6F7 /* PBXTargetDependency */,
			);
			name = LearnQuartzTests;
			productName = LearnQuartzTests;
			productReference = FD22A6EE1D9CBD530014D6F7 /* LearnQuartzTests.xctest */;
			productType = "com.apple.product-type.bundle.unit-test";
		};
/* End PBXNativeTarget section */

/* Begin PBXProject section */
		FD22A6CD1D9CBD530014D6F7 /* Project object */ = {
			isa = PBXProject;
			attributes = {
				LastUpgradeCheck = 0730;
				ORGANIZATIONNAME = "林伟池";
				TargetAttributes = {
					FD22A6D41D9CBD530014D6F7 = {
						CreatedOnToolsVersion = 7.3.1;
						DevelopmentTeam = A478ENRUX2;
					};
					FD22A6ED1D9CBD530014D6F7 = {
						CreatedOnToolsVersion = 7.3.1;
						TestTargetID = FD22A6D41D9CBD530014D6F7;
					};
				};
			};
			buildConfigurationList = FD22A6D01D9CBD530014D6F7 /* Build configuration list for PBXProject "LearnQuartz" */;
			compatibilityVersion = "Xcode 3.2";
			developmentRegion = English;
			hasScannedForEncodings = 0;
			knownRegions = (
				en,
				Base,
			);
			mainGroup = FD22A6CC1D9CBD530014D6F7;
			productRefGroup = FD22A6D61D9CBD530014D6F7 /* Products */;
			projectDirPath = "";
			projectRoot = "";
			targets = (
				FD22A6D41D9CBD530014D6F7 /* LearnQuartz */,
				FD22A6ED1D9CBD530014D6F7 /* LearnQuartzTests */,
			);
		};
/* End PBXProject section */

/* Begin PBXResourcesBuildPhase section */
		FD22A6D31D9CBD530014D6F7 /* Resources */ = {
			isa = PBXResourcesBuildPhase;
			buildActionMask = 2147483647;
			files = (
				FD22A6E81D9CBD530014D6F7 /* LaunchScreen.storyboard in Resources */,
				FD22A6E51D9CBD530014D6F7 /* Assets.xcassets in Resources */,
				FD22A6E31D9CBD530014D6F7 /* Main.storyboard in Resources */,
			);
			runOnlyForDeploymentPostprocessing = 0;
		};
		FD22A6EC1D9CBD530014D6F7 /* Resources */ = {
			isa = PBXResourcesBuildPhase;
			buildActionMask = 2147483647;
			files = (
			);
			runOnlyForDeploymentPostprocessing = 0;
		};
/* End PBXResourcesBuildPhase section */

/* Begin PBXSourcesBuildPhase section */
		FD22A6D11D9CBD530014D6F7 /* Sources */ = {
			isa = PBXSourcesBuildPhase;
			buildActionMask = 2147483647;
			files = (
				FD22A6E01D9CBD530014D6F7 /* ViewController.m in Sources */,
				FD22A6DD1D9CBD530014D6F7 /* AppDelegate.m in Sources */,
				FD22A6DA1D9CBD530014D6F7 /* main.m in Sources */,
				FD22A6FF1D9CBE610014D6F7 /* LYView.m in Sources */,
			);
			runOnlyForDeploymentPostprocessing = 0;
		};
		FD22A6EA1D9CBD530014D6F7 /* Sources */ = {
			isa = PBXSourcesBuildPhase;
			buildActionMask = 2147483647;
			files = (
				FD22A6F31D9CBD530014D6F7 /* LearnQuartzTests.m in Sources */,
			);
			runOnlyForDeploymentPostprocessing = 0;
		};
/* End PBXSourcesBuildPhase section */

/* Begin PBXTargetDependency section */
		FD22A6F01D9CBD530014D6F7 /* PBXTargetDependency */ = {
			isa = PBXTargetDependency;
			target = FD22A6D41D9CBD530014D6F7 /* LearnQuartz */;
			targetProxy = FD22A6EF1D9CBD530014D6F7 /* PBXContainerItemProxy */;
		};
/* End PBXTargetDependency section */

/* Begin PBXVariantGroup section */
		FD22A6E11D9CBD530014D6F7 /* Main.storyboard */ = {
			isa = PBXVariantGroup;
			children = (
				FD22A6E21D9CBD530014D6F7 /* Base */,
			);
			name = Main.storyboard;
			sourceTree = "<group>";
		};
		FD22A6E61D9CBD530014D6F7 /* LaunchScreen.storyboard */ = {
			isa = PBXVariantGroup;
			children = (
				FD22A6E71D9CBD530014D6F7 /* Base */,
			);
			name = LaunchScreen.storyboard;
			sourceTree = "<group>";
		};
/* End PBXVariantGroup section */

/* Begin XCBuildConfiguration section */
		FD22A6F51D9CBD530014D6F7 /* Debug */ = {
			isa = XCBuildConfiguration;
			buildSettings = {
				ALWAYS_SEARCH_USER_PATHS = NO;
				CLANG_ANALYZER_NONNULL = YES;
				CLANG_CXX_LANGUAGE_STANDARD = "gnu++0x";
				CLANG_CXX_LIBRARY = "libc++";
				CLANG_ENABLE_MODULES = YES;
				CLANG_ENABLE_OBJC_ARC = YES;
				CLANG_WARN_BOOL_CONVERSION = YES;
				CLANG_WARN_CONSTANT_CONVERSION = YES;
				CLANG_WARN_DIRECT_OBJC_ISA_USAGE = YES_ERROR;
				CLANG_WARN_EMPTY_BODY = YES;
				CLANG_WARN_ENUM_CONVERSION = YES;
				CLANG_WARN_INT_CONVERSION = YES;
				CLANG_WARN_OBJC_ROOT_CLASS = YES_ERROR;
				CLANG_WARN_UNREACHABLE_CODE = YES;
				CLANG_WARN__DUPLICATE_METHOD_MATCH = YES;
				"CODE_SIGN_IDENTITY[sdk=iphoneos*]" = "iPhone Developer";
				COPY_PHASE_STRIP = NO;
				DEBUG_INFORMATION_FORMAT = dwarf;
				ENABLE_STRICT_OBJC_MSGSEND = YES;
				ENABLE_TESTABILITY = YES;
				GCC_C_LANGUAGE_STANDARD = gnu99;
				GCC_DYNAMIC_NO_PIC = NO;
				GCC_NO_COMMON_BLOCKS = YES;
				GCC_OPTIMIZATION_LEVEL = 0;
				GCC_PREPROCESSOR_DEFINITIONS = (
					"DEBUG=1",
					"$(inherited)",
				);
				GCC_WARN_64_TO_32_BIT_CONVERSION = YES;
				GCC_WARN_ABOUT_RETURN_TYPE = YES_ERROR;
				GCC_WARN_UNDECLARED_SELECTOR = YES;
				GCC_WARN_UNINITIALIZED_AUTOS = YES_AGGRESSIVE;
				GCC_WARN_UNUSED_FUNCTION = YES;
				GCC_WARN_UNUSED_VARIABLE = YES;
				IPHONEOS_DEPLOYMENT_TARGET = 9.3;
				MTL_ENABLE_DEBUG_INFO = YES;
				ONLY_ACTIVE_ARCH = YES;
				SDKROOT = iphoneos;
			};
			name = Debug;
		};
		FD22A6F61D9CBD530014D6F7 /* Release */ = {
			isa = XCBuildConfiguration;
			buildSettings = {
				ALWAYS_SEARCH_USER_PATHS = NO;
				CLANG_ANALYZER_NONNULL = YES;
				CLANG_CXX_LANGUAGE_STANDARD = "gnu++0x";
				CLANG_CXX_LIBRARY = "libc++";
				CLANG_ENABLE_MODULES = YES;
				CLANG_ENABLE_OBJC_ARC = YES;
				CLANG_WARN_BOOL_CONVERSION = YES;
				CLANG_WARN_CONSTANT_CONVERSION = YES;
				CLANG_WARN_DIRECT_OBJC_ISA_USAGE = YES_ERROR;
				CLANG_WARN_EMPTY_BODY = YES;
				CLANG_WARN_ENUM_CONVERSION = YES;
				CLANG_WARN_INT_CONVERSION = YES;
				CLANG_WARN_OBJC_ROOT_CLASS = YES_ERROR;
				CLANG_WARN_UNREACHABLE_CODE = YES;
				CLANG_WARN__DUPLICATE_METHOD_MATCH = YES;
				"CODE_SIGN_IDENTITY[sdk=iphoneos*]" = "iPhone Developer";
				COPY_PHASE_STRIP = NO;
				DEBUG_INFORMATION_FORMAT = "dwarf-with-dsym";
				ENABLE_NS_ASSERTIONS = NO;
				ENABLE_STRICT_OBJC_MSGSEND = YES;
				GCC_C_LANGUAGE_STANDARD = gnu99;
				GCC_NO_COMMON_BLOCKS = YES;
				GCC_WARN_64_TO_32_BIT_CONVERSION = YES;
				GCC_WARN_ABOUT_RETURN_TYPE = YES_ERROR;
				GCC_WARN_UNDECLARED_SELECTOR = YES;
				GCC_WARN_UNINITIALIZED_AUTOS = YES_AGGRESSIVE;
				GCC_WARN_UNUSED_FUNCTION = YES;
				GCC_WARN_UNUSED_VARIABLE = YES;
				IPHONEOS_DEPLOYMENT_TARGET = 9.3;
				MTL_ENABLE_DEBUG_INFO = NO;
				SDKROOT = iphoneos;
				VALIDATE_PRODUCT = YES;
			};
			name = Release;
		};
		FD22A6F81D9CBD530014D6F7 /* Debug */ = {
			isa = XCBuildConfiguration;
			buildSettings = {
				ASSETCATALOG_COMPILER_APPICON_NAME = AppIcon;
				DEVELOPMENT_TEAM = A478ENRUX2;
				INFOPLIST_FILE = LearnQuartz/Info.plist;
				LD_RUNPATH_SEARCH_PATHS = "$(inherited) @executable_path/Frameworks";
				PRODUCT_BUNDLE_IDENTIFIER = loying.lin.LearnQuartz;
				PRODUCT_NAME = "$(TARGET_NAME)";
			};
			name = Debug;
		};
		FD22A6F91D9CBD530014D6F7 /* Release */ = {
			isa = XCBuildConfiguration;
			buildSettings = {
				ASSETCATALOG_COMPILER_APPICON_NAME = AppIcon;
				DEVELOPMENT_TEAM = A478ENRUX2;
				INFOPLIST_FILE = LearnQuartz/Info.plist;
				LD_RUNPATH_SEARCH_PATHS = "$(inherited) @executable_path/Frameworks";
				PRODUCT_BUNDLE_IDENTIFIER = loying.lin.LearnQuartz;
				PRODUCT_NAME = "$(TARGET_NAME)";
			};
			name = Release;
		};
		FD22A6FB1D9CBD530014D6F7 /* Debug */ = {
			isa = XCBuildConfiguration;
			buildSettings = {
				BUNDLE_LOADER = "$(TEST_HOST)";
				INFOPLIST_FILE = LearnQuartzTests/Info.plist;
				LD_RUNPATH_SEARCH_PATHS = "$(inherited) @executable_path/Frameworks @loader_path/Frameworks";
				PRODUCT_BUNDLE_IDENTIFIER = loying.lin.LearnQuartzTests;
				PRODUCT_NAME = "$(TARGET_NAME)";
				TEST_HOST = "$(BUILT_PRODUCTS_DIR)/LearnQuartz.app/LearnQuartz";
			};
			name = Debug;
		};
		FD22A6FC1D9CBD530014D6F7 /* Release */ = {
			isa = XCBuildConfiguration;
			buildSettings = {
				BUNDLE_LOADER = "$(TEST_HOST)";
				INFOPLIST_FILE = LearnQuartzTests/Info.plist;
				LD_RUNPATH_SEARCH_PATHS = "$(inherited) @executable_path/Frameworks @loader_path/Frameworks";
				PRODUCT_BUNDLE_IDENTIFIER = loying.lin.LearnQuartzTests;
				PRODUCT_NAME = "$(TARGET_NAME)";
				TEST_HOST = "$(BUILT_PRODUCTS_DIR)/LearnQuartz.app/LearnQuartz";
			};
			name = Release;
		};
/* End XCBuildConfiguration section */

/* Begin XCConfigurationList section */
		FD22A6D01D9CBD530014D6F7 /* Build configuration list for PBXProject "LearnQuartz" */ = {
			isa = XCConfigurationList;
			buildConfigurations = (
				FD22A6F51D9CBD530014D6F7 /* Debug */,
				FD22A6F61D9CBD530014D6F7 /* Release */,
			);
			defaultConfigurationIsVisible = 0;
			defaultConfigurationName = Release;
		};
		FD22A6F71D9CBD530014D6F7 /* Build configuration list for PBXNativeTarget "LearnQuartz" */ = {
			isa = XCConfigurationList;
			buildConfigurations = (
				FD22A6F81D9CBD530014D6F7 /* Debug */,
				FD22A6F91D9CBD530014D6F7 /* Release */,
			);
			defaultConfigurationIsVisible = 0;
			defaultConfigurationName = Release;
		};
		FD22A6FA1D9CBD530014D6F7 /* Build configuration list for PBXNativeTarget "LearnQuartzTests" */ = {
			isa = XCConfigurationList;
			buildConfigurations = (
				FD22A6FB1D9CBD530014D6F7 /* Debug */,
				FD22A6FC1D9CBD530014D6F7 /* Release */,
			);
			defaultConfigurationIsVisible = 0;
			defaultConfigurationName = Release;
		};
/* End XCConfigurationList section */
	};
	rootObject = FD22A6CD1D9CBD530014D6F7 /* Project object */;
}
